
Microsoft Visual Studio Solution File, Format Version 12.00
# Visual Studio Version 17
VisualStudioVersion = 17.14.36915.13 d17.14
MinimumVisualStudioVersion = 10.0.40219.1
Project("{FAE04EC0-301F-11D3-BF4B-00C04F79EFBC}") = "stoiko3", "stoiko3.csproj", "{E530E760-5A30-4077-BC7D-94016AAFDEA6}"
EndProject
Global
	GlobalSection(SolutionConfigurationPlatforms) = preSolution
		Debug|Any CPU = Debug|Any CPU
		Release|Any CPU = Release|Any CPU
	EndGlobalSection
	GlobalSection(ProjectConfigurationPlatforms) = postSolution
		{E530E760-5A30-4077-BC7D-94016AAFDEA6}.Debug|Any CPU.ActiveCfg = Debug|Any CPU
		{E530E760-5A30-4077-BC7D-94016AAFDEA6}.Debug|Any CPU.Build.0 = Debug|Any CPU
		{E530E760-5A30-4077-BC7D-94016AAFDEA6}.Release|Any CPU.ActiveCfg = Release|Any CPU
		{E530E760-5A30-4077-BC7D-94016AAFDEA6}.Release|Any CPU.Build.0 = Release|Any CPU
	EndGlobalSection
	GlobalSection(SolutionProperties) = preSolution
		HideSolutionNode = FALSE
	EndGlobalSection
	GlobalSection(ExtensibilityGlobals) = postSolution
		SolutionGuid = {D20A24F0-6594-489D-A475-F5F691812CEA}
	EndGlobalSection
EndGlobal
